
Microsoft Visual Studio Solution File, Format Version 12.00
# Visual Studio Version 17
VisualStudioVersion = 17.11.35219.272
MinimumVisualStudioVersion = 10.0.40219.1
Project("{FAE04EC0-301F-11D3-BF4B-00C04F79EFBC}") = "Blog Content", "Blog Content\Blog Content.csproj", "{128E5BD8-BD5D-4B3B-9E12-4A56C718BE54}"
EndProject
Global
	GlobalSection(SolutionConfigurationPlatforms) = preSolution
		Debug|Any CPU = Debug|Any CPU
		Release|Any CPU = Release|Any CPU
	EndGlobalSection
	GlobalSection(ProjectConfigurationPlatforms) = postSolution
		{128E5BD8-BD5D-4B3B-9E12-4A56C718BE54}.Debug|Any CPU.ActiveCfg = Debug|Any CPU
		{128E5BD8-BD5D-4B3B-9E12-4A56C718BE54}.Debug|Any CPU.Build.0 = Debug|Any CPU
		{128E5BD8-BD5D-4B3B-9E12-4A56C718BE54}.Release|Any CPU.ActiveCfg = Release|Any CPU
		{128E5BD8-BD5D-4B3B-9E12-4A56C718BE54}.Release|Any CPU.Build.0 = Release|Any CPU
	EndGlobalSection
	GlobalSection(SolutionProperties) = preSolution
		HideSolutionNode = FALSE
	EndGlobalSection
	GlobalSection(ExtensibilityGlobals) = postSolution
		SolutionGuid = {4B7F9673-179F-421F-94CB-B5EE7B6F9690}
	EndGlobalSection
EndGlobal
